
Microsoft Visual Studio Solution File, Format Version 12.00
# Visual Studio Version 16
VisualStudioVersion = 16.0.30907.101
MinimumVisualStudioVersion = 10.0.40219.1
Project("{FAE04EC0-301F-11D3-BF4B-00C04F79EFBC}") = "SuperDNSLookup", "SuperDNSLookup\SuperDNSLookup.csproj", "{50712E77-4C3A-416E-80D2-44BD181B00AB}"
EndProject
Global
	GlobalSection(SolutionConfigurationPlatforms) = preSolution
		Debug|Any CPU = Debug|Any CPU
		Release|Any CPU = Release|Any CPU
	EndGlobalSection
	GlobalSection(ProjectConfigurationPlatforms) = postSolution
		{50712E77-4C3A-416E-80D2-44BD181B00AB}.Debug|Any CPU.ActiveCfg = Debug|Any CPU
		{50712E77-4C3A-416E-80D2-44BD181B00AB}.Debug|Any CPU.Build.0 = Debug|Any CPU
		{50712E77-4C3A-416E-80D2-44BD181B00AB}.Release|Any CPU.ActiveCfg = Release|Any CPU
		{50712E77-4C3A-416E-80D2-44BD181B00AB}.Release|Any CPU.Build.0 = Release|Any CPU
	EndGlobalSection
	GlobalSection(SolutionProperties) = preSolution
		HideSolutionNode = FALSE
	EndGlobalSection
	GlobalSection(ExtensibilityGlobals) = postSolution
		SolutionGuid = {D292CF7F-12EB-429A-B5C7-E3ED83073358}
	EndGlobalSection
EndGlobal
